
Microsoft Visual Studio Solution File, Format Version 12.00
# Visual Studio Version 16
VisualStudioVersion = 16.0.31402.337
MinimumVisualStudioVersion = 10.0.40219.1
Project("{9A19103F-16F7-4668-BE54-9A1E7A4F7556}") = "Karma", "Karma.csproj", "{FCFA426F-8BB0-445E-A3B8-3489370241A3}"
EndProject
Project("{9A19103F-16F7-4668-BE54-9A1E7A4F7556}") = "KarmaTests", "KarmaTests\KarmaTests.csproj", "{09C04CE9-DFFB-4E5F-B93B-66F61944CE41}"
EndProject
Global
	GlobalSection(SolutionConfigurationPlatforms) = preSolution
		Debug|Any CPU = Debug|Any CPU
		Release|Any CPU = Release|Any CPU
	EndGlobalSection
	GlobalSection(ProjectConfigurationPlatforms) = postSolution
		{FCFA426F-8BB0-445E-A3B8-3489370241A3}.Debug|Any CPU.ActiveCfg = Debug|Any CPU
		{FCFA426F-8BB0-445E-A3B8-3489370241A3}.Debug|Any CPU.Build.0 = Debug|Any CPU
		{FCFA426F-8BB0-445E-A3B8-3489370241A3}.Release|Any CPU.ActiveCfg = Release|Any CPU
		{FCFA426F-8BB0-445E-A3B8-3489370241A3}.Release|Any CPU.Build.0 = Release|Any CPU
		{09C04CE9-DFFB-4E5F-B93B-66F61944CE41}.Debug|Any CPU.ActiveCfg = Debug|Any CPU
		{09C04CE9-DFFB-4E5F-B93B-66F61944CE41}.Debug|Any CPU.Build.0 = Debug|Any CPU
		{09C04CE9-DFFB-4E5F-B93B-66F61944CE41}.Release|Any CPU.ActiveCfg = Release|Any CPU
		{09C04CE9-DFFB-4E5F-B93B-66F61944CE41}.Release|Any CPU.Build.0 = Release|Any CPU
	EndGlobalSection
	GlobalSection(SolutionProperties) = preSolution
		HideSolutionNode = FALSE
	EndGlobalSection
	GlobalSection(ExtensibilityGlobals) = postSolution
		SolutionGuid = {E334AAEC-01D1-4261-9DB0-92C972539428}
	EndGlobalSection
EndGlobal
