
Microsoft Visual Studio Solution File, Format Version 12.00
# Visual Studio Version 16
VisualStudioVersion = 16.0.31402.337
MinimumVisualStudioVersion = 10.0.40219.1
Project("{FAE04EC0-301F-11D3-BF4B-00C04F79EFBC}") = "Karma.Server", "Server\Karma.Server.csproj", "{ACE2E75A-03DF-4EDD-8B24-F1E36B4024F1}"
EndProject
Project("{FAE04EC0-301F-11D3-BF4B-00C04F79EFBC}") = "Karma.Client", "Client\Karma.Client.csproj", "{404C0A41-6300-4592-831C-A108B8BFD455}"
EndProject
Project("{FAE04EC0-301F-11D3-BF4B-00C04F79EFBC}") = "Karma.Shared", "Shared\Karma.Shared.csproj", "{B4ADBE5B-9D6B-4396-A315-CDEFB66FF725}"
EndProject
Global
	GlobalSection(SolutionConfigurationPlatforms) = preSolution
		Debug|Any CPU = Debug|Any CPU
		Release|Any CPU = Release|Any CPU
	EndGlobalSection
	GlobalSection(ProjectConfigurationPlatforms) = postSolution
		{ACE2E75A-03DF-4EDD-8B24-F1E36B4024F1}.Debug|Any CPU.ActiveCfg = Debug|Any CPU
		{ACE2E75A-03DF-4EDD-8B24-F1E36B4024F1}.Debug|Any CPU.Build.0 = Debug|Any CPU
		{ACE2E75A-03DF-4EDD-8B24-F1E36B4024F1}.Release|Any CPU.ActiveCfg = Release|Any CPU
		{ACE2E75A-03DF-4EDD-8B24-F1E36B4024F1}.Release|Any CPU.Build.0 = Release|Any CPU
		{404C0A41-6300-4592-831C-A108B8BFD455}.Debug|Any CPU.ActiveCfg = Debug|Any CPU
		{404C0A41-6300-4592-831C-A108B8BFD455}.Debug|Any CPU.Build.0 = Debug|Any CPU
		{404C0A41-6300-4592-831C-A108B8BFD455}.Release|Any CPU.ActiveCfg = Release|Any CPU
		{404C0A41-6300-4592-831C-A108B8BFD455}.Release|Any CPU.Build.0 = Release|Any CPU
		{B4ADBE5B-9D6B-4396-A315-CDEFB66FF725}.Debug|Any CPU.ActiveCfg = Debug|Any CPU
		{B4ADBE5B-9D6B-4396-A315-CDEFB66FF725}.Debug|Any CPU.Build.0 = Debug|Any CPU
		{B4ADBE5B-9D6B-4396-A315-CDEFB66FF725}.Release|Any CPU.ActiveCfg = Release|Any CPU
		{B4ADBE5B-9D6B-4396-A315-CDEFB66FF725}.Release|Any CPU.Build.0 = Release|Any CPU
	EndGlobalSection
	GlobalSection(SolutionProperties) = preSolution
		HideSolutionNode = FALSE
	EndGlobalSection
	GlobalSection(ExtensibilityGlobals) = postSolution
		SolutionGuid = {BA590E8F-2AD8-45C7-A62D-6B073E6DD76C}
	EndGlobalSection
EndGlobal
